// !$*UTF8*$!
{
	archiveVersion = 1;
	classes = {
	};
	objectVersion = 46;
	objects = {

/* Begin PBXBuildFile section */
		EAABE94B1DDFCF8D00B90452 /* AppDelegate.swift in Sources */ = {isa = PBXBuildFile; fileRef = EAABE94A1DDFCF8D00B90452 /* AppDelegate.swift */; };
		EAABE94D1DDFCF8D00B90452 /* ViewController.swift in Sources */ = {isa = PBXBuildFile; fileRef = EAABE94C1DDFCF8D00B90452 /* ViewController.swift */; };
		EAABE94F1DDFCF8D00B90452 /* Assets.xcassets in Resources */ = {isa = PBXBuildFile; fileRef = EAABE94E1DDFCF8D00B90452 /* Assets.xcassets */; };
		EAABE9521DDFCF8D00B90452 /* Main.storyboard in Resources */ = {isa = PBXBuildFile; fileRef = EAABE9501DDFCF8D00B90452 /* Main.storyboard */; };
/* End PBXBuildFile section */

/* Begin PBXFileReference section */
		EAABE9471DDFCF8D00B90452 /* RegexChecker.app */ = {isa = PBXFileReference; explicitFileType = wrapper.application; includeInIndex = 0; path = RegexChecker.app; sourceTree = BUILT_PRODUCTS_DIR; };
		EAABE94A1DDFCF8D00B90452 /* AppDelegate.swift */ = {isa = PBXFileReference; lastKnownFileType = sourcecode.swift; path = AppDelegate.swift; sourceTree = "<group>"; };
		EAABE94C1DDFCF8D00B90452 /* ViewController.swift */ = {isa = PBXFileReference; lastKnownFileType = sourcecode.swift; path = ViewController.swift; sourceTree = "<group>"; };
		EAABE94E1DDFCF8D00B90452 /* Assets.xcassets */ = {isa = PBXFileReference; lastKnownFileType = folder.assetcatalog; path = Assets.xcassets; sourceTree = "<group>"; };
		EAABE9511DDFCF8D00B90452 /* Base */ = {isa = PBXFileReference; lastKnownFileType = file.storyboard; name = Base; path = Base.lproj/Main.storyboard; sourceTree = "<group>"; };
		EAABE9531DDFCF8D00B90452 /* Info.plist */ = {isa = PBXFileReference; lastKnownFileType = text.plist.xml; path = Info.plist; sourceTree = "<group>"; };
/* End PBXFileReference section */

/* Begin PBXFrameworksBuildPhase section */
		EAABE9441DDFCF8D00B90452 /* Frameworks */ = {
			isa = PBXFrameworksBuildPhase;
			buildActionMask = 2147483647;
			files = (
			);
			runOnlyForDeploymentPostprocessing = 0;
		};
/* End PBXFrameworksBuildPhase section */

/* Begin PBXGroup section */
		EAABE93E1DDFCF8D00B90452 = {
			isa = PBXGroup;
			children = (
				EAABE9491DDFCF8D00B90452 /* RegexChecker */,
				EAABE9481DDFCF8D00B90452 /* Products */,
			);
			sourceTree = "<group>";
		};
		EAABE9481DDFCF8D00B90452 /* Products */ = {
			isa = PBXGroup;
			children = (
				EAABE9471DDFCF8D00B90452 /* RegexChecker.app */,
			);
			name = Products;
			sourceTree = "<group>";
		};
		EAABE9491DDFCF8D00B90452 /* RegexChecker */ = {
			isa = PBXGroup;
			children = (
				EAABE94A1DDFCF8D00B90452 /* AppDelegate.swift */,
				EAABE94C1DDFCF8D00B90452 /* ViewController.swift */,
				EAABE94E1DDFCF8D00B90452 /* Assets.xcassets */,
				EAABE9501DDFCF8D00B90452 /* Main.storyboard */,
				EAABE9531DDFCF8D00B90452 /* Info.plist */,
			);
			path = RegexChecker;
			sourceTree = "<group>";
		};
/* End PBXGroup section */

/* Begin PBXNativeTarget section */
		EAABE9461DDFCF8D00B90452 /* RegexChecker */ = {
			isa = PBXNativeTarget;
			buildConfigurationList = EAABE9561DDFCF8D00B90452 /* Build configuration list for PBXNativeTarget "RegexChecker" */;
			buildPhases = (
				EAABE9431DDFCF8D00B90452 /* Sources */,
				EAABE9441DDFCF8D00B90452 /* Frameworks */,
				EAABE9451DDFCF8D00B90452 /* Resources */,
			);
			buildRules = (
			);
			dependencies = (
			);
			name = RegexChecker;
			productName = RegexChecker;
			productReference = EAABE9471DDFCF8D00B90452 /* RegexChecker.app */;
			productType = "com.apple.product-type.application";
		};
/* End PBXNativeTarget section */

/* Begin PBXProject section */
		EAABE93F1DDFCF8D00B90452 /* Project object */ = {
			isa = PBXProject;
			attributes = {
				LastSwiftUpdateCheck = 0810;
				LastUpgradeCheck = 0810;
				ORGANIZATIONNAME = "Gary Foster";
				TargetAttributes = {
					EAABE9461DDFCF8D00B90452 = {
						CreatedOnToolsVersion = 8.1;
						DevelopmentTeam = AUY5FM525X;
						ProvisioningStyle = Automatic;
					};
				};
			};
			buildConfigurationList = EAABE9421DDFCF8D00B90452 /* Build configuration list for PBXProject "RegexChecker" */;
			compatibilityVersion = "Xcode 3.2";
			developmentRegion = English;
			hasScannedForEncodings = 0;
			knownRegions = (
				en,
				Base,
			);
			mainGroup = EAABE93E1DDFCF8D00B90452;
			productRefGroup = EAABE9481DDFCF8D00B90452 /* Products */;
			projectDirPath = "";
			projectRoot = "";
			targets = (
				EAABE9461DDFCF8D00B90452 /* RegexChecker */,
			);
		};
/* End PBXProject section */

/* Begin PBXResourcesBuildPhase section */
		EAABE9451DDFCF8D00B90452 /* Resources */ = {
			isa = PBXResourcesBuildPhase;
			buildActionMask = 2147483647;
			files = (
				EAABE94F1DDFCF8D00B90452 /* Assets.xcassets in Resources */,
				EAABE9521DDFCF8D00B90452 /* Main.storyboard in Resources */,
			);
			runOnlyForDeploymentPostprocessing = 0;
		};
/* End PBXResourcesBuildPhase section */

/* Begin PBXSourcesBuildPhase section */
		EAABE9431DDFCF8D00B90452 /* Sources */ = {
			isa = PBXSourcesBuildPhase;
			buildActionMask = 2147483647;
			files = (
				EAABE94D1DDFCF8D00B90452 /* ViewController.swift in Sources */,
				EAABE94B1DDFCF8D00B90452 /* AppDelegate.swift in Sources */,
			);
			runOnlyForDeploymentPostprocessing = 0;
		};
/* End PBXSourcesBuildPhase section */

/* Begin PBXVariantGroup section */
		EAABE9501DDFCF8D00B90452 /* Main.storyboard */ = {
			isa = PBXVariantGroup;
			children = (
				EAABE9511DDFCF8D00B90452 /* Base */,
			);
			name = Main.storyboard;
			sourceTree = "<group>";
		};
/* End PBXVariantGroup section */

/* Begin XCBuildConfiguration section */
		EAABE9541DDFCF8D00B90452 /* Debug */ = {
			isa = XCBuildConfiguration;
			buildSettings = {
				ALWAYS_SEARCH_USER_PATHS = NO;
				CLANG_ANALYZER_NONNULL = YES;
				CLANG_CXX_LANGUAGE_STANDARD = "gnu++0x";
				CLANG_CXX_LIBRARY = "libc++";
				CLANG_ENABLE_MODULES = YES;
				CLANG_ENABLE_OBJC_ARC = YES;
				CLANG_WARN_BOOL_CONVERSION = YES;
				CLANG_WARN_CONSTANT_CONVERSION = YES;
				CLANG_WARN_DIRECT_OBJC_ISA_USAGE = YES_ERROR;
				CLANG_WARN_DOCUMENTATION_COMMENTS = YES;
				CLANG_WARN_EMPTY_BODY = YES;
				CLANG_WARN_ENUM_CONVERSION = YES;
				CLANG_WARN_INFINITE_RECURSION = YES;
				CLANG_WARN_INT_CONVERSION = YES;
				CLANG_WARN_OBJC_ROOT_CLASS = YES_ERROR;
				CLANG_WARN_SUSPICIOUS_MOVES = YES;
				CLANG_WARN_UNREACHABLE_CODE = YES;
				CLANG_WARN__DUPLICATE_METHOD_MATCH = YES;
				CODE_SIGN_IDENTITY = "-";
				COPY_PHASE_STRIP = NO;
				DEBUG_INFORMATION_FORMAT = dwarf;
				ENABLE_STRICT_OBJC_MSGSEND = YES;
				ENABLE_TESTABILITY = YES;
				GCC_C_LANGUAGE_STANDARD = gnu99;
				GCC_DYNAMIC_NO_PIC = NO;
				GCC_NO_COMMON_BLOCKS = YES;
				GCC_OPTIMIZATION_LEVEL = 0;
				GCC_PREPROCESSOR_DEFINITIONS = (
					"DEBUG=1",
					"$(inherited)",
				);
				GCC_WARN_64_TO_32_BIT_CONVERSION = YES;
				GCC_WARN_ABOUT_RETURN_TYPE = YES_ERROR;
				GCC_WARN_UNDECLARED_SELECTOR = YES;
				GCC_WARN_UNINITIALIZED_AUTOS = YES_AGGRESSIVE;
				GCC_WARN_UNUSED_FUNCTION = YES;
				GCC_WARN_UNUSED_VARIABLE = YES;
				MACOSX_DEPLOYMENT_TARGET = 10.12;
				MTL_ENABLE_DEBUG_INFO = YES;
				ONLY_ACTIVE_ARCH = YES;
				SDKROOT = macosx;
				SWIFT_ACTIVE_COMPILATION_CONDITIONS = DEBUG;
				SWIFT_OPTIMIZATION_LEVEL = "-Onone";
			};
			name = Debug;
		};
		EAABE9551DDFCF8D00B90452 /* Release */ = {
			isa = XCBuildConfiguration;
			buildSettings = {
				ALWAYS_SEARCH_USER_PATHS = NO;
				CLANG_ANALYZER_NONNULL = YES;
				CLANG_CXX_LANGUAGE_STANDARD = "gnu++0x";
				CLANG_CXX_LIBRARY = "libc++";
				CLANG_ENABLE_MODULES = YES;
				CLANG_ENABLE_OBJC_ARC = YES;
				CLANG_WARN_BOOL_CONVERSION = YES;
				CLANG_WARN_CONSTANT_CONVERSION = YES;
				CLANG_WARN_DIRECT_OBJC_ISA_USAGE = YES_ERROR;
				CLANG_WARN_DOCUMENTATION_COMMENTS = YES;
				CLANG_WARN_EMPTY_BODY = YES;
				CLANG_WARN_ENUM_CONVERSION = YES;
				CLANG_WARN_INFINITE_RECURSION = YES;
				CLANG_WARN_INT_CONVERSION = YES;
				CLANG_WARN_OBJC_ROOT_CLASS = YES_ERROR;
				CLANG_WARN_SUSPICIOUS_MOVES = YES;
				CLANG_WARN_UNREACHABLE_CODE = YES;
				CLANG_WARN__DUPLICATE_METHOD_MATCH = YES;
				CODE_SIGN_IDENTITY = "-";
				COPY_PHASE_STRIP = NO;
				DEBUG_INFORMATION_FORMAT = "dwarf-with-dsym";
				ENABLE_NS_ASSERTIONS = NO;
				ENABLE_STRICT_OBJC_MSGSEND = YES;
				GCC_C_LANGUAGE_STANDARD = gnu99;
				GCC_NO_COMMON_BLOCKS = YES;
				GCC_WARN_64_TO_32_BIT_CONVERSION = YES;
				GCC_WARN_ABOUT_RETURN_TYPE = YES_ERROR;
				GCC_WARN_UNDECLARED_SELECTOR = YES;
				GCC_WARN_UNINITIALIZED_AUTOS = YES_AGGRESSIVE;
				GCC_WARN_UNUSED_FUNCTION = YES;
				GCC_WARN_UNUSED_VARIABLE = YES;
				MACOSX_DEPLOYMENT_TARGET = 10.12;
				MTL_ENABLE_DEBUG_INFO = NO;
				SDKROOT = macosx;
				SWIFT_OPTIMIZATION_LEVEL = "-Owholemodule";
			};
			name = Release;
		};
		EAABE9571DDFCF8D00B90452 /* Debug */ = {
			isa = XCBuildConfiguration;
			buildSettings = {
				ASSETCATALOG_COMPILER_APPICON_NAME = AppIcon;
				COMBINE_HIDPI_IMAGES = YES;
				DEVELOPMENT_TEAM = AUY5FM525X;
				INFOPLIST_FILE = RegexChecker/Info.plist;
				LD_RUNPATH_SEARCH_PATHS = "$(inherited) @executable_path/../Frameworks";
				PRODUCT_BUNDLE_IDENTIFIER = edu.self.RegexChecker;
				PRODUCT_NAME = "$(TARGET_NAME)";
				SWIFT_VERSION = 3.0;
			};
			name = Debug;
		};
		EAABE9581DDFCF8D00B90452 /* Release */ = {
			isa = XCBuildConfiguration;
			buildSettings = {
				ASSETCATALOG_COMPILER_APPICON_NAME = AppIcon;
				COMBINE_HIDPI_IMAGES = YES;
				DEVELOPMENT_TEAM = AUY5FM525X;
				INFOPLIST_FILE = RegexChecker/Info.plist;
				LD_RUNPATH_SEARCH_PATHS = "$(inherited) @executable_path/../Frameworks";
				PRODUCT_BUNDLE_IDENTIFIER = edu.self.RegexChecker;
				PRODUCT_NAME = "$(TARGET_NAME)";
				SWIFT_VERSION = 3.0;
			};
			name = Release;
		};
/* End XCBuildConfiguration section */

/* Begin XCConfigurationList section */
		EAABE9421DDFCF8D00B90452 /* Build configuration list for PBXProject "RegexChecker" */ = {
			isa = XCConfigurationList;
			buildConfigurations = (
				EAABE9541DDFCF8D00B90452 /* Debug */,
				EAABE9551DDFCF8D00B90452 /* Release */,
			);
			defaultConfigurationIsVisible = 0;
			defaultConfigurationName = Release;
		};
		EAABE9561DDFCF8D00B90452 /* Build configuration list for PBXNativeTarget "RegexChecker" */ = {
			isa = XCConfigurationList;
			buildConfigurations = (
				EAABE9571DDFCF8D00B90452 /* Debug */,
				EAABE9581DDFCF8D00B90452 /* Release */,
			);
			defaultConfigurationIsVisible = 0;
		};
/* End XCConfigurationList section */
	};
	rootObject = EAABE93F1DDFCF8D00B90452 /* Project object */;
}
